// !$*UTF8*$!
{
	archiveVersion = 1;
	classes = {
	};
	objectVersion = 46;
	objects = {

/* Begin PBXBuildFile section */
		58046C051E33C71100590FFB /* AppDelegate.swift in Sources */ = {isa = PBXBuildFile; fileRef = 58046C041E33C71100590FFB /* AppDelegate.swift */; };
		58046C071E33C71100590FFB /* UrlListTableViewController.swift in Sources */ = {isa = PBXBuildFile; fileRef = 58046C061E33C71100590FFB /* UrlListTableViewController.swift */; };
		58046C0A1E33C71100590FFB /* Main.storyboard in Resources */ = {isa = PBXBuildFile; fileRef = 58046C081E33C71100590FFB /* Main.storyboard */; };
		58046C0C1E33C71100590FFB /* Assets.xcassets in Resources */ = {isa = PBXBuildFile; fileRef = 58046C0B1E33C71100590FFB /* Assets.xcassets */; };
		58046C0F1E33C71100590FFB /* LaunchScreen.storyboard in Resources */ = {isa = PBXBuildFile; fileRef = 58046C0D1E33C71100590FFB /* LaunchScreen.storyboard */; };
		58046C1B1E33C9D900590FFB /* HotUrl.swift in Sources */ = {isa = PBXBuildFile; fileRef = 58046C1A1E33C9D900590FFB /* HotUrl.swift */; };
		58046C1D1E33CA2A00590FFB /* UrlResource.swift in Sources */ = {isa = PBXBuildFile; fileRef = 58046C1C1E33CA2A00590FFB /* UrlResource.swift */; };
		58046C1F1E33CA5200590FFB /* ArrayResource.swift in Sources */ = {isa = PBXBuildFile; fileRef = 58046C1E1E33CA5200590FFB /* ArrayResource.swift */; };
		58046C211E34E88700590FFB /* AddViewController.swift in Sources */ = {isa = PBXBuildFile; fileRef = 58046C201E34E88700590FFB /* AddViewController.swift */; };
/* End PBXBuildFile section */

/* Begin PBXFileReference section */
		58046C011E33C71100590FFB /* HotUrls.app */ = {isa = PBXFileReference; explicitFileType = wrapper.application; includeInIndex = 0; path = HotUrls.app; sourceTree = BUILT_PRODUCTS_DIR; };
		58046C041E33C71100590FFB /* AppDelegate.swift */ = {isa = PBXFileReference; lastKnownFileType = sourcecode.swift; path = AppDelegate.swift; sourceTree = "<group>"; };
		58046C061E33C71100590FFB /* UrlListTableViewController.swift */ = {isa = PBXFileReference; lastKnownFileType = sourcecode.swift; path = UrlListTableViewController.swift; sourceTree = "<group>"; };
		58046C091E33C71100590FFB /* Base */ = {isa = PBXFileReference; lastKnownFileType = file.storyboard; name = Base; path = Base.lproj/Main.storyboard; sourceTree = "<group>"; };
		58046C0B1E33C71100590FFB /* Assets.xcassets */ = {isa = PBXFileReference; lastKnownFileType = folder.assetcatalog; path = Assets.xcassets; sourceTree = "<group>"; };
		58046C0E1E33C71100590FFB /* Base */ = {isa = PBXFileReference; lastKnownFileType = file.storyboard; name = Base; path = Base.lproj/LaunchScreen.storyboard; sourceTree = "<group>"; };
		58046C101E33C71100590FFB /* Info.plist */ = {isa = PBXFileReference; lastKnownFileType = text.plist.xml; path = Info.plist; sourceTree = "<group>"; };
		58046C1A1E33C9D900590FFB /* HotUrl.swift */ = {isa = PBXFileReference; fileEncoding = 4; lastKnownFileType = sourcecode.swift; path = HotUrl.swift; sourceTree = "<group>"; };
		58046C1C1E33CA2A00590FFB /* UrlResource.swift */ = {isa = PBXFileReference; fileEncoding = 4; lastKnownFileType = sourcecode.swift; path = UrlResource.swift; sourceTree = "<group>"; };
		58046C1E1E33CA5200590FFB /* ArrayResource.swift */ = {isa = PBXFileReference; fileEncoding = 4; lastKnownFileType = sourcecode.swift; path = ArrayResource.swift; sourceTree = "<group>"; };
		58046C201E34E88700590FFB /* AddViewController.swift */ = {isa = PBXFileReference; fileEncoding = 4; lastKnownFileType = sourcecode.swift; path = AddViewController.swift; sourceTree = "<group>"; };
/* End PBXFileReference section */

/* Begin PBXFrameworksBuildPhase section */
		58046BFE1E33C71100590FFB /* Frameworks */ = {
			isa = PBXFrameworksBuildPhase;
			buildActionMask = 2147483647;
			files = (
			);
			runOnlyForDeploymentPostprocessing = 0;
		};
/* End PBXFrameworksBuildPhase section */

/* Begin PBXGroup section */
		58046BF81E33C71100590FFB = {
			isa = PBXGroup;
			children = (
				58046C031E33C71100590FFB /* HotUrls */,
				58046C021E33C71100590FFB /* Products */,
			);
			sourceTree = "<group>";
		};
		58046C021E33C71100590FFB /* Products */ = {
			isa = PBXGroup;
			children = (
				58046C011E33C71100590FFB /* HotUrls.app */,
			);
			name = Products;
			sourceTree = "<group>";
		};
		58046C031E33C71100590FFB /* HotUrls */ = {
			isa = PBXGroup;
			children = (
				58046C191E33C7DF00590FFB /* resources */,
				58046C181E33C7C200590FFB /* controller */,
				58046C171E33C7BD00590FFB /* view */,
				58046C161E33C7B800590FFB /* model */,
			);
			path = HotUrls;
			sourceTree = "<group>";
		};
		58046C161E33C7B800590FFB /* model */ = {
			isa = PBXGroup;
			children = (
				58046C041E33C71100590FFB /* AppDelegate.swift */,
				58046C1A1E33C9D900590FFB /* HotUrl.swift */,
				58046C1C1E33CA2A00590FFB /* UrlResource.swift */,
				58046C1E1E33CA5200590FFB /* ArrayResource.swift */,
			);
			name = model;
			sourceTree = "<group>";
		};
		58046C171E33C7BD00590FFB /* view */ = {
			isa = PBXGroup;
			children = (
				58046C081E33C71100590FFB /* Main.storyboard */,
			);
			name = view;
			sourceTree = "<group>";
		};
		58046C181E33C7C200590FFB /* controller */ = {
			isa = PBXGroup;
			children = (
				58046C061E33C71100590FFB /* UrlListTableViewController.swift */,
				58046C201E34E88700590FFB /* AddViewController.swift */,
			);
			name = controller;
			sourceTree = "<group>";
		};
		58046C191E33C7DF00590FFB /* resources */ = {
			isa = PBXGroup;
			children = (
				58046C0B1E33C71100590FFB /* Assets.xcassets */,
				58046C101E33C71100590FFB /* Info.plist */,
				58046C0D1E33C71100590FFB /* LaunchScreen.storyboard */,
			);
			name = resources;
			sourceTree = "<group>";
		};
/* End PBXGroup section */

/* Begin PBXNativeTarget section */
		58046C001E33C71100590FFB /* HotUrls */ = {
			isa = PBXNativeTarget;
			buildConfigurationList = 58046C131E33C71100590FFB /* Build configuration list for PBXNativeTarget "HotUrls" */;
			buildPhases = (
				58046BFD1E33C71100590FFB /* Sources */,
				58046BFE1E33C71100590FFB /* Frameworks */,
				58046BFF1E33C71100590FFB /* Resources */,
			);
			buildRules = (
			);
			dependencies = (
			);
			name = HotUrls;
			productName = HotUrls;
			productReference = 58046C011E33C71100590FFB /* HotUrls.app */;
			productType = "com.apple.product-type.application";
		};
/* End PBXNativeTarget section */

/* Begin PBXProject section */
		58046BF91E33C71100590FFB /* Project object */ = {
			isa = PBXProject;
			attributes = {
				LastSwiftUpdateCheck = 0820;
				LastUpgradeCheck = 0820;
				ORGANIZATIONNAME = "Marvin Messenzehl";
				TargetAttributes = {
					58046C001E33C71100590FFB = {
						CreatedOnToolsVersion = 8.2.1;
						DevelopmentTeam = W8TNV9SRPE;
						ProvisioningStyle = Automatic;
					};
				};
			};
			buildConfigurationList = 58046BFC1E33C71100590FFB /* Build configuration list for PBXProject "HotUrls" */;
			compatibilityVersion = "Xcode 3.2";
			developmentRegion = English;
			hasScannedForEncodings = 0;
			knownRegions = (
				en,
				Base,
			);
			mainGroup = 58046BF81E33C71100590FFB;
			productRefGroup = 58046C021E33C71100590FFB /* Products */;
			projectDirPath = "";
			projectRoot = "";
			targets = (
				58046C001E33C71100590FFB /* HotUrls */,
			);
		};
/* End PBXProject section */

/* Begin PBXResourcesBuildPhase section */
		58046BFF1E33C71100590FFB /* Resources */ = {
			isa = PBXResourcesBuildPhase;
			buildActionMask = 2147483647;
			files = (
				58046C0F1E33C71100590FFB /* LaunchScreen.storyboard in Resources */,
				58046C0C1E33C71100590FFB /* Assets.xcassets in Resources */,
				58046C0A1E33C71100590FFB /* Main.storyboard in Resources */,
			);
			runOnlyForDeploymentPostprocessing = 0;
		};
/* End PBXResourcesBuildPhase section */

/* Begin PBXSourcesBuildPhase section */
		58046BFD1E33C71100590FFB /* Sources */ = {
			isa = PBXSourcesBuildPhase;
			buildActionMask = 2147483647;
			files = (
				58046C1B1E33C9D900590FFB /* HotUrl.swift in Sources */,
				58046C071E33C71100590FFB /* UrlListTableViewController.swift in Sources */,
				58046C211E34E88700590FFB /* AddViewController.swift in Sources */,
				58046C051E33C71100590FFB /* AppDelegate.swift in Sources */,
				58046C1F1E33CA5200590FFB /* ArrayResource.swift in Sources */,
				58046C1D1E33CA2A00590FFB /* UrlResource.swift in Sources */,
			);
			runOnlyForDeploymentPostprocessing = 0;
		};
/* End PBXSourcesBuildPhase section */

/* Begin PBXVariantGroup section */
		58046C081E33C71100590FFB /* Main.storyboard */ = {
			isa = PBXVariantGroup;
			children = (
				58046C091E33C71100590FFB /* Base */,
			);
			name = Main.storyboard;
			sourceTree = "<group>";
		};
		58046C0D1E33C71100590FFB /* LaunchScreen.storyboard */ = {
			isa = PBXVariantGroup;
			children = (
				58046C0E1E33C71100590FFB /* Base */,
			);
			name = LaunchScreen.storyboard;
			sourceTree = "<group>";
		};
/* End PBXVariantGroup section */

/* Begin XCBuildConfiguration section */
		58046C111E33C71100590FFB /* Debug */ = {
			isa = XCBuildConfiguration;
			buildSettings = {
				ALWAYS_SEARCH_USER_PATHS = NO;
				CLANG_ANALYZER_NONNULL = YES;
				CLANG_CXX_LANGUAGE_STANDARD = "gnu++0x";
				CLANG_CXX_LIBRARY = "libc++";
				CLANG_ENABLE_MODULES = YES;
				CLANG_ENABLE_OBJC_ARC = YES;
				CLANG_WARN_BOOL_CONVERSION = YES;
				CLANG_WARN_CONSTANT_CONVERSION = YES;
				CLANG_WARN_DIRECT_OBJC_ISA_USAGE = YES_ERROR;
				CLANG_WARN_DOCUMENTATION_COMMENTS = YES;
				CLANG_WARN_EMPTY_BODY = YES;
				CLANG_WARN_ENUM_CONVERSION = YES;
				CLANG_WARN_INFINITE_RECURSION = YES;
				CLANG_WARN_INT_CONVERSION = YES;
				CLANG_WARN_OBJC_ROOT_CLASS = YES_ERROR;
				CLANG_WARN_SUSPICIOUS_MOVE = YES;
				CLANG_WARN_UNREACHABLE_CODE = YES;
				CLANG_WARN__DUPLICATE_METHOD_MATCH = YES;
				"CODE_SIGN_IDENTITY[sdk=iphoneos*]" = "iPhone Developer";
				COPY_PHASE_STRIP = NO;
				DEBUG_INFORMATION_FORMAT = dwarf;
				ENABLE_STRICT_OBJC_MSGSEND = YES;
				ENABLE_TESTABILITY = YES;
				GCC_C_LANGUAGE_STANDARD = gnu99;
				GCC_DYNAMIC_NO_PIC = NO;
				GCC_NO_COMMON_BLOCKS = YES;
				GCC_OPTIMIZATION_LEVEL = 0;
				GCC_PREPROCESSOR_DEFINITIONS = (
					"DEBUG=1",
					"$(inherited)",
				);
				GCC_WARN_64_TO_32_BIT_CONVERSION = YES;
				GCC_WARN_ABOUT_RETURN_TYPE = YES_ERROR;
				GCC_WARN_UNDECLARED_SELECTOR = YES;
				GCC_WARN_UNINITIALIZED_AUTOS = YES_AGGRESSIVE;
				GCC_WARN_UNUSED_FUNCTION = YES;
				GCC_WARN_UNUSED_VARIABLE = YES;
				IPHONEOS_DEPLOYMENT_TARGET = 10.2;
				MTL_ENABLE_DEBUG_INFO = YES;
				ONLY_ACTIVE_ARCH = YES;
				SDKROOT = iphoneos;
				SWIFT_ACTIVE_COMPILATION_CONDITIONS = DEBUG;
				SWIFT_OPTIMIZATION_LEVEL = "-Onone";
				TARGETED_DEVICE_FAMILY = "1,2";
			};
			name = Debug;
		};
		58046C121E33C71100590FFB /* Release */ = {
			isa = XCBuildConfiguration;
			buildSettings = {
				ALWAYS_SEARCH_USER_PATHS = NO;
				CLANG_ANALYZER_NONNULL = YES;
				CLANG_CXX_LANGUAGE_STANDARD = "gnu++0x";
				CLANG_CXX_LIBRARY = "libc++";
				CLANG_ENABLE_MODULES = YES;
				CLANG_ENABLE_OBJC_ARC = YES;
				CLANG_WARN_BOOL_CONVERSION = YES;
				CLANG_WARN_CONSTANT_CONVERSION = YES;
				CLANG_WARN_DIRECT_OBJC_ISA_USAGE = YES_ERROR;
				CLANG_WARN_DOCUMENTATION_COMMENTS = YES;
				CLANG_WARN_EMPTY_BODY = YES;
				CLANG_WARN_ENUM_CONVERSION = YES;
				CLANG_WARN_INFINITE_RECURSION = YES;
				CLANG_WARN_INT_CONVERSION = YES;
				CLANG_WARN_OBJC_ROOT_CLASS = YES_ERROR;
				CLANG_WARN_SUSPICIOUS_MOVE = YES;
				CLANG_WARN_UNREACHABLE_CODE = YES;
				CLANG_WARN__DUPLICATE_METHOD_MATCH = YES;
				"CODE_SIGN_IDENTITY[sdk=iphoneos*]" = "iPhone Developer";
				COPY_PHASE_STRIP = NO;
				DEBUG_INFORMATION_FORMAT = "dwarf-with-dsym";
				ENABLE_NS_ASSERTIONS = NO;
				ENABLE_STRICT_OBJC_MSGSEND = YES;
				GCC_C_LANGUAGE_STANDARD = gnu99;
				GCC_NO_COMMON_BLOCKS = YES;
				GCC_WARN_64_TO_32_BIT_CONVERSION = YES;
				GCC_WARN_ABOUT_RETURN_TYPE = YES_ERROR;
				GCC_WARN_UNDECLARED_SELECTOR = YES;
				GCC_WARN_UNINITIALIZED_AUTOS = YES_AGGRESSIVE;
				GCC_WARN_UNUSED_FUNCTION = YES;
				GCC_WARN_UNUSED_VARIABLE = YES;
				IPHONEOS_DEPLOYMENT_TARGET = 10.2;
				MTL_ENABLE_DEBUG_INFO = NO;
				SDKROOT = iphoneos;
				SWIFT_OPTIMIZATION_LEVEL = "-Owholemodule";
				TARGETED_DEVICE_FAMILY = "1,2";
				VALIDATE_PRODUCT = YES;
			};
			name = Release;
		};
		58046C141E33C71100590FFB /* Debug */ = {
			isa = XCBuildConfiguration;
			buildSettings = {
				ASSETCATALOG_COMPILER_APPICON_NAME = AppIcon;
				DEVELOPMENT_TEAM = W8TNV9SRPE;
				INFOPLIST_FILE = HotUrls/Info.plist;
				LD_RUNPATH_SEARCH_PATHS = "$(inherited) @executable_path/Frameworks";
				PRODUCT_BUNDLE_IDENTIFIER = com.marvinmessenzehl.HotUrls;
				PRODUCT_NAME = "$(TARGET_NAME)";
				SWIFT_VERSION = 3.0;
			};
			name = Debug;
		};
		58046C151E33C71100590FFB /* Release */ = {
			isa = XCBuildConfiguration;
			buildSettings = {
				ASSETCATALOG_COMPILER_APPICON_NAME = AppIcon;
				DEVELOPMENT_TEAM = W8TNV9SRPE;
				INFOPLIST_FILE = HotUrls/Info.plist;
				LD_RUNPATH_SEARCH_PATHS = "$(inherited) @executable_path/Frameworks";
				PRODUCT_BUNDLE_IDENTIFIER = com.marvinmessenzehl.HotUrls;
				PRODUCT_NAME = "$(TARGET_NAME)";
				SWIFT_VERSION = 3.0;
			};
			name = Release;
		};
/* End XCBuildConfiguration section */

/* Begin XCConfigurationList section */
		58046BFC1E33C71100590FFB /* Build configuration list for PBXProject "HotUrls" */ = {
			isa = XCConfigurationList;
			buildConfigurations = (
				58046C111E33C71100590FFB /* Debug */,
				58046C121E33C71100590FFB /* Release */,
			);
			defaultConfigurationIsVisible = 0;
			defaultConfigurationName = Release;
		};
		58046C131E33C71100590FFB /* Build configuration list for PBXNativeTarget "HotUrls" */ = {
			isa = XCConfigurationList;
			buildConfigurations = (
				58046C141E33C71100590FFB /* Debug */,
				58046C151E33C71100590FFB /* Release */,
			);
			defaultConfigurationIsVisible = 0;
		};
/* End XCConfigurationList section */
	};
	rootObject = 58046BF91E33C71100590FFB /* Project object */;
}
